
Microsoft Visual Studio Solution File, Format Version 12.00
# Visual Studio Version 17
VisualStudioVersion = 17.2.32602.215
MinimumVisualStudioVersion = 10.0.40219.1
Project("{FAE04EC0-301F-11D3-BF4B-00C04F79EFBC}") = "Lambda2Js.Bson", "Lambda2Js.Bson\Lambda2Js.Bson.csproj", "{A39DC1C9-1568-4B17-8E64-8D08725E194D}"
EndProject
Project("{9A19103F-16F7-4668-BE54-9A1E7A4F7556}") = "Lambda2Js.Bson.Tests", "Lambda2Js.Bson.Tests\Lambda2Js.Bson.Tests.csproj", "{20DC6614-072E-462F-97E1-D2E8F1572F5D}"
EndProject
Global
	GlobalSection(SolutionConfigurationPlatforms) = preSolution
		Debug|Any CPU = Debug|Any CPU
		Release|Any CPU = Release|Any CPU
	EndGlobalSection
	GlobalSection(ProjectConfigurationPlatforms) = postSolution
		{A39DC1C9-1568-4B17-8E64-8D08725E194D}.Debug|Any CPU.ActiveCfg = Debug|Any CPU
		{A39DC1C9-1568-4B17-8E64-8D08725E194D}.Debug|Any CPU.Build.0 = Debug|Any CPU
		{A39DC1C9-1568-4B17-8E64-8D08725E194D}.Release|Any CPU.ActiveCfg = Release|Any CPU
		{A39DC1C9-1568-4B17-8E64-8D08725E194D}.Release|Any CPU.Build.0 = Release|Any CPU
		{20DC6614-072E-462F-97E1-D2E8F1572F5D}.Debug|Any CPU.ActiveCfg = Debug|Any CPU
		{20DC6614-072E-462F-97E1-D2E8F1572F5D}.Debug|Any CPU.Build.0 = Debug|Any CPU
		{20DC6614-072E-462F-97E1-D2E8F1572F5D}.Release|Any CPU.ActiveCfg = Release|Any CPU
		{20DC6614-072E-462F-97E1-D2E8F1572F5D}.Release|Any CPU.Build.0 = Release|Any CPU
	EndGlobalSection
	GlobalSection(SolutionProperties) = preSolution
		HideSolutionNode = FALSE
	EndGlobalSection
	GlobalSection(ExtensibilityGlobals) = postSolution
		SolutionGuid = {CBF11506-63A9-40BE-9454-6BFEC81550CA}
	EndGlobalSection
EndGlobal
